// !$*UTF8*$!
{
	archiveVersion = 1;
	classes = {
	};
	objectVersion = 77;
	objects = {

/* Begin PBXContainerItemProxy section */
		F1417D4C2CBBF3EC0044DF03 /* PBXContainerItemProxy */ = {
			isa = PBXContainerItemProxy;
			containerPortal = F1417D332CBBF3E80044DF03 /* Project object */;
			proxyType = 1;
			remoteGlobalIDString = F1417D3A2CBBF3E80044DF03;
			remoteInfo = Rinne;
		};
		F1417D562CBBF3EC0044DF03 /* PBXContainerItemProxy */ = {
			isa = PBXContainerItemProxy;
			containerPortal = F1417D332CBBF3E80044DF03 /* Project object */;
			proxyType = 1;
			remoteGlobalIDString = F1417D3A2CBBF3E80044DF03;
			remoteInfo = Rinne;
		};
/* End PBXContainerItemProxy section */

/* Begin PBXFileReference section */
		F1417D3B2CBBF3E80044DF03 /* Rinne.app */ = {isa = PBXFileReference; explicitFileType = wrapper.application; includeInIndex = 0; path = Rinne.app; sourceTree = BUILT_PRODUCTS_DIR; };
		F1417D4B2CBBF3EC0044DF03 /* RinneTests.xctest */ = {isa = PBXFileReference; explicitFileType = wrapper.cfbundle; includeInIndex = 0; path = RinneTests.xctest; sourceTree = BUILT_PRODUCTS_DIR; };
		F1417D552CBBF3EC0044DF03 /* RinneUITests.xctest */ = {isa = PBXFileReference; explicitFileType = wrapper.cfbundle; includeInIndex = 0; path = RinneUITests.xctest; sourceTree = BUILT_PRODUCTS_DIR; };
/* End PBXFileReference section */

/* Begin PBXFileSystemSynchronizedRootGroup section */
		F1417D3D2CBBF3E80044DF03 /* Rinne */ = {
			isa = PBXFileSystemSynchronizedRootGroup;
			path = Rinne;
			sourceTree = "<group>";
		};
		F1417D4E2CBBF3EC0044DF03 /* RinneTests */ = {
			isa = PBXFileSystemSynchronizedRootGroup;
			path = RinneTests;
			sourceTree = "<group>";
		};
		F1417D582CBBF3EC0044DF03 /* RinneUITests */ = {
			isa = PBXFileSystemSynchronizedRootGroup;
			path = RinneUITests;
			sourceTree = "<group>";
		};
/* End PBXFileSystemSynchronizedRootGroup section */

/* Begin PBXFrameworksBuildPhase section */
		F1417D382CBBF3E80044DF03 /* Frameworks */ = {
			isa = PBXFrameworksBuildPhase;
			buildActionMask = 2147483647;
			files = (
			);
			runOnlyForDeploymentPostprocessing = 0;
		};
		F1417D482CBBF3EC0044DF03 /* Frameworks */ = {
			isa = PBXFrameworksBuildPhase;
			buildActionMask = 2147483647;
			files = (
			);
			runOnlyForDeploymentPostprocessing = 0;
		};
		F1417D522CBBF3EC0044DF03 /* Frameworks */ = {
			isa = PBXFrameworksBuildPhase;
			buildActionMask = 2147483647;
			files = (
			);
			runOnlyForDeploymentPostprocessing = 0;
		};
/* End PBXFrameworksBuildPhase section */

/* Begin PBXGroup section */
		F1417D322CBBF3E80044DF03 = {
			isa = PBXGroup;
			children = (
				F1417D3D2CBBF3E80044DF03 /* Rinne */,
				F1417D4E2CBBF3EC0044DF03 /* RinneTests */,
				F1417D582CBBF3EC0044DF03 /* RinneUITests */,
				F1417D3C2CBBF3E80044DF03 /* Products */,
			);
			sourceTree = "<group>";
		};
		F1417D3C2CBBF3E80044DF03 /* Products */ = {
			isa = PBXGroup;
			children = (
				F1417D3B2CBBF3E80044DF03 /* Rinne.app */,
				F1417D4B2CBBF3EC0044DF03 /* RinneTests.xctest */,
				F1417D552CBBF3EC0044DF03 /* RinneUITests.xctest */,
			);
			name = Products;
			sourceTree = "<group>";
		};
/* End PBXGroup section */

/* Begin PBXNativeTarget section */
		F1417D3A2CBBF3E80044DF03 /* Rinne */ = {
			isa = PBXNativeTarget;
			buildConfigurationList = F1417D5F2CBBF3EC0044DF03 /* Build configuration list for PBXNativeTarget "Rinne" */;
			buildPhases = (
				F1417D372CBBF3E80044DF03 /* Sources */,
				F1417D382CBBF3E80044DF03 /* Frameworks */,
				F1417D392CBBF3E80044DF03 /* Resources */,
			);
			buildRules = (
			);
			dependencies = (
			);
			fileSystemSynchronizedGroups = (
				F1417D3D2CBBF3E80044DF03 /* Rinne */,
			);
			name = Rinne;
			packageProductDependencies = (
			);
			productName = Rinne;
			productReference = F1417D3B2CBBF3E80044DF03 /* Rinne.app */;
			productType = "com.apple.product-type.application";
		};
		F1417D4A2CBBF3EC0044DF03 /* RinneTests */ = {
			isa = PBXNativeTarget;
			buildConfigurationList = F1417D622CBBF3EC0044DF03 /* Build configuration list for PBXNativeTarget "RinneTests" */;
			buildPhases = (
				F1417D472CBBF3EC0044DF03 /* Sources */,
				F1417D482CBBF3EC0044DF03 /* Frameworks */,
				F1417D492CBBF3EC0044DF03 /* Resources */,
			);
			buildRules = (
			);
			dependencies = (
				F1417D4D2CBBF3EC0044DF03 /* PBXTargetDependency */,
			);
			fileSystemSynchronizedGroups = (
				F1417D4E2CBBF3EC0044DF03 /* RinneTests */,
			);
			name = RinneTests;
			packageProductDependencies = (
			);
			productName = RinneTests;
			productReference = F1417D4B2CBBF3EC0044DF03 /* RinneTests.xctest */;
			productType = "com.apple.product-type.bundle.unit-test";
		};
		F1417D542CBBF3EC0044DF03 /* RinneUITests */ = {
			isa = PBXNativeTarget;
			buildConfigurationList = F1417D652CBBF3EC0044DF03 /* Build configuration list for PBXNativeTarget "RinneUITests" */;
			buildPhases = (
				F1417D512CBBF3EC0044DF03 /* Sources */,
				F1417D522CBBF3EC0044DF03 /* Frameworks */,
				F1417D532CBBF3EC0044DF03 /* Resources */,
			);
			buildRules = (
			);
			dependencies = (
				F1417D572CBBF3EC0044DF03 /* PBXTargetDependency */,
			);
			fileSystemSynchronizedGroups = (
				F1417D582CBBF3EC0044DF03 /* RinneUITests */,
			);
			name = RinneUITests;
			packageProductDependencies = (
			);
			productName = RinneUITests;
			productReference = F1417D552CBBF3EC0044DF03 /* RinneUITests.xctest */;
			productType = "com.apple.product-type.bundle.ui-testing";
		};
/* End PBXNativeTarget section */

/* Begin PBXProject section */
		F1417D332CBBF3E80044DF03 /* Project object */ = {
			isa = PBXProject;
			attributes = {
				BuildIndependentTargetsInParallel = 1;
				LastSwiftUpdateCheck = 1600;
				LastUpgradeCheck = 1600;
				TargetAttributes = {
					F1417D3A2CBBF3E80044DF03 = {
						CreatedOnToolsVersion = 16.0;
					};
					F1417D4A2CBBF3EC0044DF03 = {
						CreatedOnToolsVersion = 16.0;
						TestTargetID = F1417D3A2CBBF3E80044DF03;
					};
					F1417D542CBBF3EC0044DF03 = {
						CreatedOnToolsVersion = 16.0;
						TestTargetID = F1417D3A2CBBF3E80044DF03;
					};
				};
			};
			buildConfigurationList = F1417D362CBBF3E80044DF03 /* Build configuration list for PBXProject "Rinne" */;
			developmentRegion = en;
			hasScannedForEncodings = 0;
			knownRegions = (
				en,
				Base,
			);
			mainGroup = F1417D322CBBF3E80044DF03;
			minimizedProjectReferenceProxies = 1;
			preferredProjectObjectVersion = 77;
			productRefGroup = F1417D3C2CBBF3E80044DF03 /* Products */;
			projectDirPath = "";
			projectRoot = "";
			targets = (
				F1417D3A2CBBF3E80044DF03 /* Rinne */,
				F1417D4A2CBBF3EC0044DF03 /* RinneTests */,
				F1417D542CBBF3EC0044DF03 /* RinneUITests */,
			);
		};
/* End PBXProject section */

/* Begin PBXResourcesBuildPhase section */
		F1417D392CBBF3E80044DF03 /* Resources */ = {
			isa = PBXResourcesBuildPhase;
			buildActionMask = 2147483647;
			files = (
			);
			runOnlyForDeploymentPostprocessing = 0;
		};
		F1417D492CBBF3EC0044DF03 /* Resources */ = {
			isa = PBXResourcesBuildPhase;
			buildActionMask = 2147483647;
			files = (
			);
			runOnlyForDeploymentPostprocessing = 0;
		};
		F1417D532CBBF3EC0044DF03 /* Resources */ = {
			isa = PBXResourcesBuildPhase;
			buildActionMask = 2147483647;
			files = (
			);
			runOnlyForDeploymentPostprocessing = 0;
		};
/* End PBXResourcesBuildPhase section */

/* Begin PBXSourcesBuildPhase section */
		F1417D372CBBF3E80044DF03 /* Sources */ = {
			isa = PBXSourcesBuildPhase;
			buildActionMask = 2147483647;
			files = (
			);
			runOnlyForDeploymentPostprocessing = 0;
		};
		F1417D472CBBF3EC0044DF03 /* Sources */ = {
			isa = PBXSourcesBuildPhase;
			buildActionMask = 2147483647;
			files = (
			);
			runOnlyForDeploymentPostprocessing = 0;
		};
		F1417D512CBBF3EC0044DF03 /* Sources */ = {
			isa = PBXSourcesBuildPhase;
			buildActionMask = 2147483647;
			files = (
			);
			runOnlyForDeploymentPostprocessing = 0;
		};
/* End PBXSourcesBuildPhase section */

/* Begin PBXTargetDependency section */
		F1417D4D2CBBF3EC0044DF03 /* PBXTargetDependency */ = {
			isa = PBXTargetDependency;
			target = F1417D3A2CBBF3E80044DF03 /* Rinne */;
			targetProxy = F1417D4C2CBBF3EC0044DF03 /* PBXContainerItemProxy */;
		};
		F1417D572CBBF3EC0044DF03 /* PBXTargetDependency */ = {
			isa = PBXTargetDependency;
			target = F1417D3A2CBBF3E80044DF03 /* Rinne */;
			targetProxy = F1417D562CBBF3EC0044DF03 /* PBXContainerItemProxy */;
		};
/* End PBXTargetDependency section */

/* Begin XCBuildConfiguration section */
		F1417D5D2CBBF3EC0044DF03 /* Debug */ = {
			isa = XCBuildConfiguration;
			buildSettings = {
				ALWAYS_SEARCH_USER_PATHS = NO;
				ASSETCATALOG_COMPILER_GENERATE_SWIFT_ASSET_SYMBOL_EXTENSIONS = YES;
				CLANG_ANALYZER_NONNULL = YES;
				CLANG_ANALYZER_NUMBER_OBJECT_CONVERSION = YES_AGGRESSIVE;
				CLANG_CXX_LANGUAGE_STANDARD = "gnu++20";
				CLANG_ENABLE_MODULES = YES;
				CLANG_ENABLE_OBJC_ARC = YES;
				CLANG_ENABLE_OBJC_WEAK = YES;
				CLANG_WARN_BLOCK_CAPTURE_AUTORELEASING = YES;
				CLANG_WARN_BOOL_CONVERSION = YES;
				CLANG_WARN_COMMA = YES;
				CLANG_WARN_CONSTANT_CONVERSION = YES;
				CLANG_WARN_DEPRECATED_OBJC_IMPLEMENTATIONS = YES;
				CLANG_WARN_DIRECT_OBJC_ISA_USAGE = YES_ERROR;
				CLANG_WARN_DOCUMENTATION_COMMENTS = YES;
				CLANG_WARN_EMPTY_BODY = YES;
				CLANG_WARN_ENUM_CONVERSION = YES;
				CLANG_WARN_INFINITE_RECURSION = YES;
				CLANG_WARN_INT_CONVERSION = YES;
				CLANG_WARN_NON_LITERAL_NULL_CONVERSION = YES;
				CLANG_WARN_OBJC_IMPLICIT_RETAIN_SELF = YES;
				CLANG_WARN_OBJC_LITERAL_CONVERSION = YES;
				CLANG_WARN_OBJC_ROOT_CLASS = YES_ERROR;
				CLANG_WARN_QUOTED_INCLUDE_IN_FRAMEWORK_HEADER = YES;
				CLANG_WARN_RANGE_LOOP_ANALYSIS = YES;
				CLANG_WARN_STRICT_PROTOTYPES = YES;
				CLANG_WARN_SUSPICIOUS_MOVE = YES;
				CLANG_WARN_UNGUARDED_AVAILABILITY = YES_AGGRESSIVE;
				CLANG_WARN_UNREACHABLE_CODE = YES;
				CLANG_WARN__DUPLICATE_METHOD_MATCH = YES;
				COPY_PHASE_STRIP = NO;
				DEBUG_INFORMATION_FORMAT = dwarf;
				ENABLE_STRICT_OBJC_MSGSEND = YES;
				ENABLE_TESTABILITY = YES;
				ENABLE_USER_SCRIPT_SANDBOXING = YES;
				GCC_C_LANGUAGE_STANDARD = gnu17;
				GCC_DYNAMIC_NO_PIC = NO;
				GCC_NO_COMMON_BLOCKS = YES;
				GCC_OPTIMIZATION_LEVEL = 0;
				GCC_PREPROCESSOR_DEFINITIONS = (
					"DEBUG=1",
					"$(inherited)",
				);
				GCC_WARN_64_TO_32_BIT_CONVERSION = YES;
				GCC_WARN_ABOUT_RETURN_TYPE = YES_ERROR;
				GCC_WARN_UNDECLARED_SELECTOR = YES;
				GCC_WARN_UNINITIALIZED_AUTOS = YES_AGGRESSIVE;
				GCC_WARN_UNUSED_FUNCTION = YES;
				GCC_WARN_UNUSED_VARIABLE = YES;
				IPHONEOS_DEPLOYMENT_TARGET = 18.0;
				LOCALIZATION_PREFERS_STRING_CATALOGS = YES;
				MTL_ENABLE_DEBUG_INFO = INCLUDE_SOURCE;
				MTL_FAST_MATH = YES;
				ONLY_ACTIVE_ARCH = YES;
				SDKROOT = iphoneos;
				SWIFT_ACTIVE_COMPILATION_CONDITIONS = "DEBUG $(inherited)";
				SWIFT_OPTIMIZATION_LEVEL = "-Onone";
			};
			name = Debug;
		};
		F1417D5E2CBBF3EC0044DF03 /* Release */ = {
			isa = XCBuildConfiguration;
			buildSettings = {
				ALWAYS_SEARCH_USER_PATHS = NO;
				ASSETCATALOG_COMPILER_GENERATE_SWIFT_ASSET_SYMBOL_EXTENSIONS = YES;
				CLANG_ANALYZER_NONNULL = YES;
				CLANG_ANALYZER_NUMBER_OBJECT_CONVERSION = YES_AGGRESSIVE;
				CLANG_CXX_LANGUAGE_STANDARD = "gnu++20";
				CLANG_ENABLE_MODULES = YES;
				CLANG_ENABLE_OBJC_ARC = YES;
				CLANG_ENABLE_OBJC_WEAK = YES;
				CLANG_WARN_BLOCK_CAPTURE_AUTORELEASING = YES;
				CLANG_WARN_BOOL_CONVERSION = YES;
				CLANG_WARN_COMMA = YES;
				CLANG_WARN_CONSTANT_CONVERSION = YES;
				CLANG_WARN_DEPRECATED_OBJC_IMPLEMENTATIONS = YES;
				CLANG_WARN_DIRECT_OBJC_ISA_USAGE = YES_ERROR;
				CLANG_WARN_DOCUMENTATION_COMMENTS = YES;
				CLANG_WARN_EMPTY_BODY = YES;
				CLANG_WARN_ENUM_CONVERSION = YES;
				CLANG_WARN_INFINITE_RECURSION = YES;
				CLANG_WARN_INT_CONVERSION = YES;
				CLANG_WARN_NON_LITERAL_NULL_CONVERSION = YES;
				CLANG_WARN_OBJC_IMPLICIT_RETAIN_SELF = YES;
				CLANG_WARN_OBJC_LITERAL_CONVERSION = YES;
				CLANG_WARN_OBJC_ROOT_CLASS = YES_ERROR;
				CLANG_WARN_QUOTED_INCLUDE_IN_FRAMEWORK_HEADER = YES;
				CLANG_WARN_RANGE_LOOP_ANALYSIS = YES;
				CLANG_WARN_STRICT_PROTOTYPES = YES;
				CLANG_WARN_SUSPICIOUS_MOVE = YES;
				CLANG_WARN_UNGUARDED_AVAILABILITY = YES_AGGRESSIVE;
				CLANG_WARN_UNREACHABLE_CODE = YES;
				CLANG_WARN__DUPLICATE_METHOD_MATCH = YES;
				COPY_PHASE_STRIP = NO;
				DEBUG_INFORMATION_FORMAT = "dwarf-with-dsym";
				ENABLE_NS_ASSERTIONS = NO;
				ENABLE_STRICT_OBJC_MSGSEND = YES;
				ENABLE_USER_SCRIPT_SANDBOXING = YES;
				GCC_C_LANGUAGE_STANDARD = gnu17;
				GCC_NO_COMMON_BLOCKS = YES;
				GCC_WARN_64_TO_32_BIT_CONVERSION = YES;
				GCC_WARN_ABOUT_RETURN_TYPE = YES_ERROR;
				GCC_WARN_UNDECLARED_SELECTOR = YES;
				GCC_WARN_UNINITIALIZED_AUTOS = YES_AGGRESSIVE;
				GCC_WARN_UNUSED_FUNCTION = YES;
				GCC_WARN_UNUSED_VARIABLE = YES;
				IPHONEOS_DEPLOYMENT_TARGET = 18.0;
				LOCALIZATION_PREFERS_STRING_CATALOGS = YES;
				MTL_ENABLE_DEBUG_INFO = NO;
				MTL_FAST_MATH = YES;
				SDKROOT = iphoneos;
				SWIFT_COMPILATION_MODE = wholemodule;
				VALIDATE_PRODUCT = YES;
			};
			name = Release;
		};
		F1417D602CBBF3EC0044DF03 /* Debug */ = {
			isa = XCBuildConfiguration;
			buildSettings = {
				ASSETCATALOG_COMPILER_APPICON_NAME = AppIcon;
				ASSETCATALOG_COMPILER_GLOBAL_ACCENT_COLOR_NAME = AccentColor;
				CODE_SIGN_STYLE = Automatic;
				CURRENT_PROJECT_VERSION = 1;
				DEVELOPMENT_ASSET_PATHS = "\"Rinne/Preview Content\"";
				DEVELOPMENT_TEAM = 7X48YMS8Q9;
				ENABLE_PREVIEWS = YES;
				GENERATE_INFOPLIST_FILE = YES;
				INFOPLIST_KEY_UIApplicationSceneManifest_Generation = YES;
				INFOPLIST_KEY_UIApplicationSupportsIndirectInputEvents = YES;
				INFOPLIST_KEY_UILaunchScreen_Generation = YES;
				INFOPLIST_KEY_UISupportedInterfaceOrientations_iPad = "UIInterfaceOrientationPortrait UIInterfaceOrientationPortraitUpsideDown UIInterfaceOrientationLandscapeLeft UIInterfaceOrientationLandscapeRight";
				INFOPLIST_KEY_UISupportedInterfaceOrientations_iPhone = "UIInterfaceOrientationPortrait UIInterfaceOrientationLandscapeLeft UIInterfaceOrientationLandscapeRight";
				LD_RUNPATH_SEARCH_PATHS = (
					"$(inherited)",
					"@executable_path/Frameworks",
				);
				MARKETING_VERSION = 1.0;
				PRODUCT_BUNDLE_IDENTIFIER = com.kscscafe.Rinne;
				PRODUCT_NAME = "$(TARGET_NAME)";
				SWIFT_EMIT_LOC_STRINGS = YES;
				SWIFT_VERSION = 5.0;
				TARGETED_DEVICE_FAMILY = "1,2";
			};
			name = Debug;
		};
		F1417D612CBBF3EC0044DF03 /* Release */ = {
			isa = XCBuildConfiguration;
			buildSettings = {
				ASSETCATALOG_COMPILER_APPICON_NAME = AppIcon;
				ASSETCATALOG_COMPILER_GLOBAL_ACCENT_COLOR_NAME = AccentColor;
				CODE_SIGN_STYLE = Automatic;
				CURRENT_PROJECT_VERSION = 1;
				DEVELOPMENT_ASSET_PATHS = "\"Rinne/Preview Content\"";
				DEVELOPMENT_TEAM = 7X48YMS8Q9;
				ENABLE_PREVIEWS = YES;
				GENERATE_INFOPLIST_FILE = YES;
				INFOPLIST_KEY_UIApplicationSceneManifest_Generation = YES;
				INFOPLIST_KEY_UIApplicationSupportsIndirectInputEvents = YES;
				INFOPLIST_KEY_UILaunchScreen_Generation = YES;
				INFOPLIST_KEY_UISupportedInterfaceOrientations_iPad = "UIInterfaceOrientationPortrait UIInterfaceOrientationPortraitUpsideDown UIInterfaceOrientationLandscapeLeft UIInterfaceOrientationLandscapeRight";
				INFOPLIST_KEY_UISupportedInterfaceOrientations_iPhone = "UIInterfaceOrientationPortrait UIInterfaceOrientationLandscapeLeft UIInterfaceOrientationLandscapeRight";
				LD_RUNPATH_SEARCH_PATHS = (
					"$(inherited)",
					"@executable_path/Frameworks",
				);
				MARKETING_VERSION = 1.0;
				PRODUCT_BUNDLE_IDENTIFIER = com.kscscafe.Rinne;
				PRODUCT_NAME = "$(TARGET_NAME)";
				SWIFT_EMIT_LOC_STRINGS = YES;
				SWIFT_VERSION = 5.0;
				TARGETED_DEVICE_FAMILY = "1,2";
			};
			name = Release;
		};
		F1417D632CBBF3EC0044DF03 /* Debug */ = {
			isa = XCBuildConfiguration;
			buildSettings = {
				BUNDLE_LOADER = "$(TEST_HOST)";
				CODE_SIGN_STYLE = Automatic;
				CURRENT_PROJECT_VERSION = 1;
				DEVELOPMENT_TEAM = 7X48YMS8Q9;
				GENERATE_INFOPLIST_FILE = YES;
				IPHONEOS_DEPLOYMENT_TARGET = 18.0;
				MARKETING_VERSION = 1.0;
				PRODUCT_BUNDLE_IDENTIFIER = com.kscscafe.RinneTests;
				PRODUCT_NAME = "$(TARGET_NAME)";
				SWIFT_EMIT_LOC_STRINGS = NO;
				SWIFT_VERSION = 5.0;
				TARGETED_DEVICE_FAMILY = "1,2";
				TEST_HOST = "$(BUILT_PRODUCTS_DIR)/Rinne.app/$(BUNDLE_EXECUTABLE_FOLDER_PATH)/Rinne";
			};
			name = Debug;
		};
		F1417D642CBBF3EC0044DF03 /* Release */ = {
			isa = XCBuildConfiguration;
			buildSettings = {
				BUNDLE_LOADER = "$(TEST_HOST)";
				CODE_SIGN_STYLE = Automatic;
				CURRENT_PROJECT_VERSION = 1;
				DEVELOPMENT_TEAM = 7X48YMS8Q9;
				GENERATE_INFOPLIST_FILE = YES;
				IPHONEOS_DEPLOYMENT_TARGET = 18.0;
				MARKETING_VERSION = 1.0;
				PRODUCT_BUNDLE_IDENTIFIER = com.kscscafe.RinneTests;
				PRODUCT_NAME = "$(TARGET_NAME)";
				SWIFT_EMIT_LOC_STRINGS = NO;
				SWIFT_VERSION = 5.0;
				TARGETED_DEVICE_FAMILY = "1,2";
				TEST_HOST = "$(BUILT_PRODUCTS_DIR)/Rinne.app/$(BUNDLE_EXECUTABLE_FOLDER_PATH)/Rinne";
			};
			name = Release;
		};
		F1417D662CBBF3EC0044DF03 /* Debug */ = {
			isa = XCBuildConfiguration;
			buildSettings = {
				CODE_SIGN_STYLE = Automatic;
				CURRENT_PROJECT_VERSION = 1;
				DEVELOPMENT_TEAM = 7X48YMS8Q9;
				GENERATE_INFOPLIST_FILE = YES;
				MARKETING_VERSION = 1.0;
				PRODUCT_BUNDLE_IDENTIFIER = com.kscscafe.RinneUITests;
				PRODUCT_NAME = "$(TARGET_NAME)";
				SWIFT_EMIT_LOC_STRINGS = NO;
				SWIFT_VERSION = 5.0;
				TARGETED_DEVICE_FAMILY = "1,2";
				TEST_TARGET_NAME = Rinne;
			};
			name = Debug;
		};
		F1417D672CBBF3EC0044DF03 /* Release */ = {
			isa = XCBuildConfiguration;
			buildSettings = {
				CODE_SIGN_STYLE = Automatic;
				CURRENT_PROJECT_VERSION = 1;
				DEVELOPMENT_TEAM = 7X48YMS8Q9;
				GENERATE_INFOPLIST_FILE = YES;
				MARKETING_VERSION = 1.0;
				PRODUCT_BUNDLE_IDENTIFIER = com.kscscafe.RinneUITests;
				PRODUCT_NAME = "$(TARGET_NAME)";
				SWIFT_EMIT_LOC_STRINGS = NO;
				SWIFT_VERSION = 5.0;
				TARGETED_DEVICE_FAMILY = "1,2";
				TEST_TARGET_NAME = Rinne;
			};
			name = Release;
		};
/* End XCBuildConfiguration section */

/* Begin XCConfigurationList section */
		F1417D362CBBF3E80044DF03 /* Build configuration list for PBXProject "Rinne" */ = {
			isa = XCConfigurationList;
			buildConfigurations = (
				F1417D5D2CBBF3EC0044DF03 /* Debug */,
				F1417D5E2CBBF3EC0044DF03 /* Release */,
			);
			defaultConfigurationIsVisible = 0;
			defaultConfigurationName = Release;
		};
		F1417D5F2CBBF3EC0044DF03 /* Build configuration list for PBXNativeTarget "Rinne" */ = {
			isa = XCConfigurationList;
			buildConfigurations = (
				F1417D602CBBF3EC0044DF03 /* Debug */,
				F1417D612CBBF3EC0044DF03 /* Release */,
			);
			defaultConfigurationIsVisible = 0;
			defaultConfigurationName = Release;
		};
		F1417D622CBBF3EC0044DF03 /* Build configuration list for PBXNativeTarget "RinneTests" */ = {
			isa = XCConfigurationList;
			buildConfigurations = (
				F1417D632CBBF3EC0044DF03 /* Debug */,
				F1417D642CBBF3EC0044DF03 /* Release */,
			);
			defaultConfigurationIsVisible = 0;
			defaultConfigurationName = Release;
		};
		F1417D652CBBF3EC0044DF03 /* Build configuration list for PBXNativeTarget "RinneUITests" */ = {
			isa = XCConfigurationList;
			buildConfigurations = (
				F1417D662CBBF3EC0044DF03 /* Debug */,
				F1417D672CBBF3EC0044DF03 /* Release */,
			);
			defaultConfigurationIsVisible = 0;
			defaultConfigurationName = Release;
		};
/* End XCConfigurationList section */
	};
	rootObject = F1417D332CBBF3E80044DF03 /* Project object */;
}
